dependencies:
  espressif/esp_websocket_client:
    component_hash: af69df6a85b26a1e129814ba033fd0c704cdf925b114d9bf90f885db1bb3f8a9
    source:
      service_url: https://api.components.espressif.com/
      type: service
    version: 1.2.1
  idf:
    component_hash: null
    source:
      type: idf
    version: 5.1.2
  pocket_discord:
    component_hash: null
    source:
      path: Z:\DevVS\IDF_projs\discord_bot_new\components\pocket_discord
      type: local
    version: '*'
manifest_hash: ab7bd27c2eb59ba0577584e0243a3ad91ea760a4c5553a17c1eb8495ee729c83
target: esp32
version: 1.0.0
